
Microsoft Visual Studio Solution File, Format Version 12.00
# Visual Studio Version 17
VisualStudioVersion = 17.11.35327.3
MinimumVisualStudioVersion = 10.0.40219.1
Project("{FAE04EC0-301F-11D3-BF4B-00C04F79EFBC}") = "SistemaEmpresaLimpieza", "SistemaEmpresaLimpieza\SistemaEmpresaLimpieza.csproj", "{3CB64B9B-2827-4BEC-ABE9-E4B9B7751B2E}"
EndProject
Project("{2150E333-8FDC-42A3-9474-1A3956D46DE8}") = "Web.configu", "Web.configu", "{D2A29B38-E4F9-46FA-9886-605F839C6C8F}"
	ProjectSection(SolutionItems) = preProject
		ConexionDB.xml = ConexionDB.xml
		SistemaEmpresaLimpieza\Web.config = SistemaEmpresaLimpieza\Web.config
		SistemaEmpresaLimpieza\Web.Debug.config = SistemaEmpresaLimpieza\Web.Debug.config
		SistemaEmpresaLimpieza\Web.Release.config = SistemaEmpresaLimpieza\Web.Release.config
	EndProjectSection
EndProject
Global
	GlobalSection(SolutionConfigurationPlatforms) = preSolution
		Debug|Any CPU = Debug|Any CPU
		Release|Any CPU = Release|Any CPU
	EndGlobalSection
	GlobalSection(ProjectConfigurationPlatforms) = postSolution
		{3CB64B9B-2827-4BEC-ABE9-E4B9B7751B2E}.Debug|Any CPU.ActiveCfg = Debug|Any CPU
		{3CB64B9B-2827-4BEC-ABE9-E4B9B7751B2E}.Debug|Any CPU.Build.0 = Debug|Any CPU
		{3CB64B9B-2827-4BEC-ABE9-E4B9B7751B2E}.Release|Any CPU.ActiveCfg = Release|Any CPU
		{3CB64B9B-2827-4BEC-ABE9-E4B9B7751B2E}.Release|Any CPU.Build.0 = Release|Any CPU
	EndGlobalSection
	GlobalSection(SolutionProperties) = preSolution
		HideSolutionNode = FALSE
	EndGlobalSection
	GlobalSection(ExtensibilityGlobals) = postSolution
		SolutionGuid = {217B1AA0-A6BA-4917-9336-FC203760B775}
	EndGlobalSection
EndGlobal
